// !$*UTF8*$!
{
	archiveVersion = 1;
	classes = {
	};
	objectVersion = 46;
	objects = {

/* Begin PBXBuildFile section */
		843D90B21EC1EDDE00FB0E63 /* 1.第一个程序.c in Sources */ = {isa = PBXBuildFile; fileRef = 843D90B11EC1EDDE00FB0E63 /* 1.第一个程序.c */; };
		843D90CD1EC1EE3C00FB0E63 /* 2.练习.c in Sources */ = {isa = PBXBuildFile; fileRef = 843D90B91EC1EE3C00FB0E63 /* 2.练习.c */; };
		843D90CE1EC1EE3C00FB0E63 /* 3.变量的声明.c in Sources */ = {isa = PBXBuildFile; fileRef = 843D90BA1EC1EE3C00FB0E63 /* 3.变量的声明.c */; };
		843D90CF1EC1EE3C00FB0E63 /* 4.变量的命名.c in Sources */ = {isa = PBXBuildFile; fileRef = 843D90BB1EC1EE3C00FB0E63 /* 4.变量的命名.c */; };
		843D90D01EC1EE3C00FB0E63 /* 5.变量的初始化.c in Sources */ = {isa = PBXBuildFile; fileRef = 843D90BC1EC1EE3C00FB0E63 /* 5.变量的初始化.c */; };
		843D90D11EC1EE3C00FB0E63 /* 6.变量的访问.c in Sources */ = {isa = PBXBuildFile; fileRef = 843D90BD1EC1EE3C00FB0E63 /* 6.变量的访问.c */; };
		843D90D21EC1EE3C00FB0E63 /* 7.整型.c in Sources */ = {isa = PBXBuildFile; fileRef = 843D90BE1EC1EE3C00FB0E63 /* 7.整型.c */; };
		843D90D31EC1EE3C00FB0E63 /* 8.和差积商.c in Sources */ = {isa = PBXBuildFile; fileRef = 843D90BF1EC1EE3C00FB0E63 /* 8.和差积商.c */; };
		843D90D41EC1EE3C00FB0E63 /* 9.整型类型信息省略.c in Sources */ = {isa = PBXBuildFile; fileRef = 843D90C01EC1EE3C00FB0E63 /* 9.整型类型信息省略.c */; };
		843D90D51EC1EE3C00FB0E63 /* 10.整型变量赋值.c in Sources */ = {isa = PBXBuildFile; fileRef = 843D90C11EC1EE3C00FB0E63 /* 10.整型变量赋值.c */; };
		843D90D61EC1EE3C00FB0E63 /* 11.char型.c in Sources */ = {isa = PBXBuildFile; fileRef = 843D90C21EC1EE3C00FB0E63 /* 11.char型.c */; };
		843D90D71EC1EE3C00FB0E63 /* 12.特殊字符.c in Sources */ = {isa = PBXBuildFile; fileRef = 843D90C31EC1EE3C00FB0E63 /* 12.特殊字符.c */; };
		843D90D81EC1EE3C00FB0E63 /* 13.浮点数据类型.c in Sources */ = {isa = PBXBuildFile; fileRef = 843D90C41EC1EE3C00FB0E63 /* 13.浮点数据类型.c */; };
		843D90D91EC1EE3C00FB0E63 /* 14.字面值(常量).c in Sources */ = {isa = PBXBuildFile; fileRef = 843D90C51EC1EE3C00FB0E63 /* 14.字面值(常量).c */; };
		843D90DA1EC1EE3C00FB0E63 /* 15.sizeof.c in Sources */ = {isa = PBXBuildFile; fileRef = 843D90C61EC1EE3C00FB0E63 /* 15.sizeof.c */; };
		843D90DB1EC1EE3C00FB0E63 /* 16.scanf.c in Sources */ = {isa = PBXBuildFile; fileRef = 843D90C71EC1EE3C00FB0E63 /* 16.scanf.c */; };
		843D90DC1EC1EE3C00FB0E63 /* 17.算数运算符.c in Sources */ = {isa = PBXBuildFile; fileRef = 843D90C81EC1EE3C00FB0E63 /* 17.算数运算符.c */; };
		843D90DD1EC1EE3C00FB0E63 /* 18.时间转换.c in Sources */ = {isa = PBXBuildFile; fileRef = 843D90C91EC1EE3C00FB0E63 /* 18.时间转换.c */; };
		843D90DE1EC1EE3C00FB0E63 /* 19.自增自减运算符.c in Sources */ = {isa = PBXBuildFile; fileRef = 843D90CA1EC1EE3C00FB0E63 /* 19.自增自减运算符.c */; };
		843D90DF1EC1EE3C00FB0E63 /* 20.关系运算符.c in Sources */ = {isa = PBXBuildFile; fileRef = 843D90CB1EC1EE3C00FB0E63 /* 20.关系运算符.c */; };
/* End PBXBuildFile section */

/* Begin PBXCopyFilesBuildPhase section */
		843D90AC1EC1EDDD00FB0E63 /* CopyFiles */ = {
			isa = PBXCopyFilesBuildPhase;
			buildActionMask = 2147483647;
			dstPath = /usr/share/man/man1/;
			dstSubfolderSpec = 0;
			files = (
			);
			runOnlyForDeploymentPostprocessing = 1;
		};
/* End PBXCopyFilesBuildPhase section */

/* Begin PBXFileReference section */
		843D90AE1EC1EDDE00FB0E63 /* 01_c */ = {isa = PBXFileReference; explicitFileType = "compiled.mach-o.executable"; includeInIndex = 0; path = 01_c; sourceTree = BUILT_PRODUCTS_DIR; };
		843D90B11EC1EDDE00FB0E63 /* 1.第一个程序.c */ = {isa = PBXFileReference; lastKnownFileType = sourcecode.c.c; path = "1.第一个程序.c"; sourceTree = "<group>"; };
		843D90B91EC1EE3C00FB0E63 /* 2.练习.c */ = {isa = PBXFileReference; fileEncoding = 4; lastKnownFileType = sourcecode.c.c; path = "2.练习.c"; sourceTree = "<group>"; };
		843D90BA1EC1EE3C00FB0E63 /* 3.变量的声明.c */ = {isa = PBXFileReference; fileEncoding = 4; lastKnownFileType = sourcecode.c.c; path = "3.变量的声明.c"; sourceTree = "<group>"; };
		843D90BB1EC1EE3C00FB0E63 /* 4.变量的命名.c */ = {isa = PBXFileReference; fileEncoding = 4; lastKnownFileType = sourcecode.c.c; path = "4.变量的命名.c"; sourceTree = "<group>"; };
		843D90BC1EC1EE3C00FB0E63 /* 5.变量的初始化.c */ = {isa = PBXFileReference; fileEncoding = 4; lastKnownFileType = sourcecode.c.c; path = "5.变量的初始化.c"; sourceTree = "<group>"; };
		843D90BD1EC1EE3C00FB0E63 /* 6.变量的访问.c */ = {isa = PBXFileReference; fileEncoding = 4; lastKnownFileType = sourcecode.c.c; path = "6.变量的访问.c"; sourceTree = "<group>"; };
		843D90BE1EC1EE3C00FB0E63 /* 7.整型.c */ = {isa = PBXFileReference; fileEncoding = 4; lastKnownFileType = sourcecode.c.c; path = "7.整型.c"; sourceTree = "<group>"; };
		843D90BF1EC1EE3C00FB0E63 /* 8.和差积商.c */ = {isa = PBXFileReference; fileEncoding = 4; lastKnownFileType = sourcecode.c.c; path = "8.和差积商.c"; sourceTree = "<group>"; };
		843D90C01EC1EE3C00FB0E63 /* 9.整型类型信息省略.c */ = {isa = PBXFileReference; fileEncoding = 4; lastKnownFileType = sourcecode.c.c; path = "9.整型类型信息省略.c"; sourceTree = "<group>"; };
		843D90C11EC1EE3C00FB0E63 /* 10.整型变量赋值.c */ = {isa = PBXFileReference; fileEncoding = 4; lastKnownFileType = sourcecode.c.c; path = "10.整型变量赋值.c"; sourceTree = "<group>"; };
		843D90C21EC1EE3C00FB0E63 /* 11.char型.c */ = {isa = PBXFileReference; fileEncoding = 4; lastKnownFileType = sourcecode.c.c; path = "11.char型.c"; sourceTree = "<group>"; };
		843D90C31EC1EE3C00FB0E63 /* 12.特殊字符.c */ = {isa = PBXFileReference; fileEncoding = 4; lastKnownFileType = sourcecode.c.c; path = "12.特殊字符.c"; sourceTree = "<group>"; };
		843D90C41EC1EE3C00FB0E63 /* 13.浮点数据类型.c */ = {isa = PBXFileReference; fileEncoding = 4; lastKnownFileType = sourcecode.c.c; path = "13.浮点数据类型.c"; sourceTree = "<group>"; };
		843D90C51EC1EE3C00FB0E63 /* 14.字面值(常量).c */ = {isa = PBXFileReference; fileEncoding = 4; lastKnownFileType = sourcecode.c.c; path = "14.字面值(常量).c"; sourceTree = "<group>"; };
		843D90C61EC1EE3C00FB0E63 /* 15.sizeof.c */ = {isa = PBXFileReference; fileEncoding = 4; lastKnownFileType = sourcecode.c.c; path = 15.sizeof.c; sourceTree = "<group>"; };
		843D90C71EC1EE3C00FB0E63 /* 16.scanf.c */ = {isa = PBXFileReference; fileEncoding = 4; lastKnownFileType = sourcecode.c.c; path = 16.scanf.c; sourceTree = "<group>"; };
		843D90C81EC1EE3C00FB0E63 /* 17.算数运算符.c */ = {isa = PBXFileReference; fileEncoding = 4; lastKnownFileType = sourcecode.c.c; path = "17.算数运算符.c"; sourceTree = "<group>"; };
		843D90C91EC1EE3C00FB0E63 /* 18.时间转换.c */ = {isa = PBXFileReference; fileEncoding = 4; lastKnownFileType = sourcecode.c.c; path = "18.时间转换.c"; sourceTree = "<group>"; };
		843D90CA1EC1EE3C00FB0E63 /* 19.自增自减运算符.c */ = {isa = PBXFileReference; fileEncoding = 4; lastKnownFileType = sourcecode.c.c; path = "19.自增自减运算符.c"; sourceTree = "<group>"; };
		843D90CB1EC1EE3C00FB0E63 /* 20.关系运算符.c */ = {isa = PBXFileReference; fileEncoding = 4; lastKnownFileType = sourcecode.c.c; path = "20.关系运算符.c"; sourceTree = "<group>"; };
/* End PBXFileReference section */

/* Begin PBXFrameworksBuildPhase section */
		843D90AB1EC1EDDD00FB0E63 /* Frameworks */ = {
			isa = PBXFrameworksBuildPhase;
			buildActionMask = 2147483647;
			files = (
			);
			runOnlyForDeploymentPostprocessing = 0;
		};
/* End PBXFrameworksBuildPhase section */

/* Begin PBXGroup section */
		843D90A51EC1EDDD00FB0E63 = {
			isa = PBXGroup;
			children = (
				843D90B01EC1EDDE00FB0E63 /* 01_c */,
				843D90AF1EC1EDDE00FB0E63 /* Products */,
			);
			sourceTree = "<group>";
		};
		843D90AF1EC1EDDE00FB0E63 /* Products */ = {
			isa = PBXGroup;
			children = (
				843D90AE1EC1EDDE00FB0E63 /* 01_c */,
			);
			name = Products;
			sourceTree = "<group>";
		};
		843D90B01EC1EDDE00FB0E63 /* 01_c */ = {
			isa = PBXGroup;
			children = (
				843D90B11EC1EDDE00FB0E63 /* 1.第一个程序.c */,
				843D90B91EC1EE3C00FB0E63 /* 2.练习.c */,
				843D90BA1EC1EE3C00FB0E63 /* 3.变量的声明.c */,
				843D90BB1EC1EE3C00FB0E63 /* 4.变量的命名.c */,
				843D90BC1EC1EE3C00FB0E63 /* 5.变量的初始化.c */,
				843D90BD1EC1EE3C00FB0E63 /* 6.变量的访问.c */,
				843D90BE1EC1EE3C00FB0E63 /* 7.整型.c */,
				843D90BF1EC1EE3C00FB0E63 /* 8.和差积商.c */,
				843D90C01EC1EE3C00FB0E63 /* 9.整型类型信息省略.c */,
				843D90C11EC1EE3C00FB0E63 /* 10.整型变量赋值.c */,
				843D90C21EC1EE3C00FB0E63 /* 11.char型.c */,
				843D90C31EC1EE3C00FB0E63 /* 12.特殊字符.c */,
				843D90C41EC1EE3C00FB0E63 /* 13.浮点数据类型.c */,
				843D90C51EC1EE3C00FB0E63 /* 14.字面值(常量).c */,
				843D90C61EC1EE3C00FB0E63 /* 15.sizeof.c */,
				843D90C71EC1EE3C00FB0E63 /* 16.scanf.c */,
				843D90C81EC1EE3C00FB0E63 /* 17.算数运算符.c */,
				843D90C91EC1EE3C00FB0E63 /* 18.时间转换.c */,
				843D90CA1EC1EE3C00FB0E63 /* 19.自增自减运算符.c */,
				843D90CB1EC1EE3C00FB0E63 /* 20.关系运算符.c */,
			);
			path = 01_c;
			sourceTree = "<group>";
		};
/* End PBXGroup section */

/* Begin PBXNativeTarget section */
		843D90AD1EC1EDDD00FB0E63 /* 01_c */ = {
			isa = PBXNativeTarget;
			buildConfigurationList = 843D90B51EC1EDDE00FB0E63 /* Build configuration list for PBXNativeTarget "01_c" */;
			buildPhases = (
				843D90AA1EC1EDDD00FB0E63 /* Sources */,
				843D90AB1EC1EDDD00FB0E63 /* Frameworks */,
				843D90AC1EC1EDDD00FB0E63 /* CopyFiles */,
			);
			buildRules = (
			);
			dependencies = (
			);
			name = 01_c;
			productName = 01_c;
			productReference = 843D90AE1EC1EDDE00FB0E63 /* 01_c */;
			productType = "com.apple.product-type.tool";
		};
/* End PBXNativeTarget section */

/* Begin PBXProject section */
		843D90A61EC1EDDD00FB0E63 /* Project object */ = {
			isa = PBXProject;
			attributes = {
				LastUpgradeCheck = 0810;
				ORGANIZATIONNAME = "中信网络科技";
				TargetAttributes = {
					843D90AD1EC1EDDD00FB0E63 = {
						CreatedOnToolsVersion = 8.1;
						ProvisioningStyle = Automatic;
					};
				};
			};
			buildConfigurationList = 843D90A91EC1EDDD00FB0E63 /* Build configuration list for PBXProject "01_c" */;
			compatibilityVersion = "Xcode 3.2";
			developmentRegion = English;
			hasScannedForEncodings = 0;
			knownRegions = (
				en,
			);
			mainGroup = 843D90A51EC1EDDD00FB0E63;
			productRefGroup = 843D90AF1EC1EDDE00FB0E63 /* Products */;
			projectDirPath = "";
			projectRoot = "";
			targets = (
				843D90AD1EC1EDDD00FB0E63 /* 01_c */,
			);
		};
/* End PBXProject section */

/* Begin PBXSourcesBuildPhase section */
		843D90AA1EC1EDDD00FB0E63 /* Sources */ = {
			isa = PBXSourcesBuildPhase;
			buildActionMask = 2147483647;
			files = (
				843D90DA1EC1EE3C00FB0E63 /* 15.sizeof.c in Sources */,
				843D90CE1EC1EE3C00FB0E63 /* 3.变量的声明.c in Sources */,
				843D90D01EC1EE3C00FB0E63 /* 5.变量的初始化.c in Sources */,
				843D90D71EC1EE3C00FB0E63 /* 12.特殊字符.c in Sources */,
				843D90CF1EC1EE3C00FB0E63 /* 4.变量的命名.c in Sources */,
				843D90DD1EC1EE3C00FB0E63 /* 18.时间转换.c in Sources */,
				843D90DB1EC1EE3C00FB0E63 /* 16.scanf.c in Sources */,
				843D90D51EC1EE3C00FB0E63 /* 10.整型变量赋值.c in Sources */,
				843D90D91EC1EE3C00FB0E63 /* 14.字面值(常量).c in Sources */,
				843D90D81EC1EE3C00FB0E63 /* 13.浮点数据类型.c in Sources */,
				843D90D61EC1EE3C00FB0E63 /* 11.char型.c in Sources */,
				843D90D21EC1EE3C00FB0E63 /* 7.整型.c in Sources */,
				843D90DF1EC1EE3C00FB0E63 /* 20.关系运算符.c in Sources */,
				843D90DC1EC1EE3C00FB0E63 /* 17.算数运算符.c in Sources */,
				843D90D31EC1EE3C00FB0E63 /* 8.和差积商.c in Sources */,
				843D90B21EC1EDDE00FB0E63 /* 1.第一个程序.c in Sources */,
				843D90DE1EC1EE3C00FB0E63 /* 19.自增自减运算符.c in Sources */,
				843D90D11EC1EE3C00FB0E63 /* 6.变量的访问.c in Sources */,
				843D90D41EC1EE3C00FB0E63 /* 9.整型类型信息省略.c in Sources */,
				843D90CD1EC1EE3C00FB0E63 /* 2.练习.c in Sources */,
			);
			runOnlyForDeploymentPostprocessing = 0;
		};
/* End PBXSourcesBuildPhase section */

/* Begin XCBuildConfiguration section */
		843D90B31EC1EDDE00FB0E63 /* Debug */ = {
			isa = XCBuildConfiguration;
			buildSettings = {
				ALWAYS_SEARCH_USER_PATHS = NO;
				CLANG_ANALYZER_NONNULL = YES;
				CLANG_CXX_LANGUAGE_STANDARD = "gnu++0x";
				CLANG_CXX_LIBRARY = "libc++";
				CLANG_ENABLE_MODULES = YES;
				CLANG_ENABLE_OBJC_ARC = YES;
				CLANG_WARN_BOOL_CONVERSION = YES;
				CLANG_WARN_CONSTANT_CONVERSION = YES;
				CLANG_WARN_DIRECT_OBJC_ISA_USAGE = YES_ERROR;
				CLANG_WARN_DOCUMENTATION_COMMENTS = YES;
				CLANG_WARN_EMPTY_BODY = YES;
				CLANG_WARN_ENUM_CONVERSION = YES;
				CLANG_WARN_INFINITE_RECURSION = YES;
				CLANG_WARN_INT_CONVERSION = YES;
				CLANG_WARN_OBJC_ROOT_CLASS = YES_ERROR;
				CLANG_WARN_SUSPICIOUS_MOVES = YES;
				CLANG_WARN_UNREACHABLE_CODE = YES;
				CLANG_WARN__DUPLICATE_METHOD_MATCH = YES;
				CODE_SIGN_IDENTITY = "-";
				COPY_PHASE_STRIP = NO;
				DEBUG_INFORMATION_FORMAT = dwarf;
				ENABLE_STRICT_OBJC_MSGSEND = YES;
				ENABLE_TESTABILITY = YES;
				GCC_C_LANGUAGE_STANDARD = gnu99;
				GCC_DYNAMIC_NO_PIC = NO;
				GCC_NO_COMMON_BLOCKS = YES;
				GCC_OPTIMIZATION_LEVEL = 0;
				GCC_PREPROCESSOR_DEFINITIONS = (
					"DEBUG=1",
					"$(inherited)",
				);
				GCC_WARN_64_TO_32_BIT_CONVERSION = YES;
				GCC_WARN_ABOUT_RETURN_TYPE = YES_ERROR;
				GCC_WARN_UNDECLARED_SELECTOR = YES;
				GCC_WARN_UNINITIALIZED_AUTOS = YES_AGGRESSIVE;
				GCC_WARN_UNUSED_FUNCTION = YES;
				GCC_WARN_UNUSED_VARIABLE = YES;
				MACOSX_DEPLOYMENT_TARGET = 10.11;
				MTL_ENABLE_DEBUG_INFO = YES;
				ONLY_ACTIVE_ARCH = YES;
				SDKROOT = macosx;
			};
			name = Debug;
		};
		843D90B41EC1EDDE00FB0E63 /* Release */ = {
			isa = XCBuildConfiguration;
			buildSettings = {
				ALWAYS_SEARCH_USER_PATHS = NO;
				CLANG_ANALYZER_NONNULL = YES;
				CLANG_CXX_LANGUAGE_STANDARD = "gnu++0x";
				CLANG_CXX_LIBRARY = "libc++";
				CLANG_ENABLE_MODULES = YES;
				CLANG_ENABLE_OBJC_ARC = YES;
				CLANG_WARN_BOOL_CONVERSION = YES;
				CLANG_WARN_CONSTANT_CONVERSION = YES;
				CLANG_WARN_DIRECT_OBJC_ISA_USAGE = YES_ERROR;
				CLANG_WARN_DOCUMENTATION_COMMENTS = YES;
				CLANG_WARN_EMPTY_BODY = YES;
				CLANG_WARN_ENUM_CONVERSION = YES;
				CLANG_WARN_INFINITE_RECURSION = YES;
				CLANG_WARN_INT_CONVERSION = YES;
				CLANG_WARN_OBJC_ROOT_CLASS = YES_ERROR;
				CLANG_WARN_SUSPICIOUS_MOVES = YES;
				CLANG_WARN_UNREACHABLE_CODE = YES;
				CLANG_WARN__DUPLICATE_METHOD_MATCH = YES;
				CODE_SIGN_IDENTITY = "-";
				COPY_PHASE_STRIP = NO;
				DEBUG_INFORMATION_FORMAT = "dwarf-with-dsym";
				ENABLE_NS_ASSERTIONS = NO;
				ENABLE_STRICT_OBJC_MSGSEND = YES;
				GCC_C_LANGUAGE_STANDARD = gnu99;
				GCC_NO_COMMON_BLOCKS = YES;
				GCC_WARN_64_TO_32_BIT_CONVERSION = YES;
				GCC_WARN_ABOUT_RETURN_TYPE = YES_ERROR;
				GCC_WARN_UNDECLARED_SELECTOR = YES;
				GCC_WARN_UNINITIALIZED_AUTOS = YES_AGGRESSIVE;
				GCC_WARN_UNUSED_FUNCTION = YES;
				GCC_WARN_UNUSED_VARIABLE = YES;
				MACOSX_DEPLOYMENT_TARGET = 10.11;
				MTL_ENABLE_DEBUG_INFO = NO;
				SDKROOT = macosx;
			};
			name = Release;
		};
		843D90B61EC1EDDE00FB0E63 /* Debug */ = {
			isa = XCBuildConfiguration;
			buildSettings = {
				PRODUCT_NAME = "$(TARGET_NAME)";
			};
			name = Debug;
		};
		843D90B71EC1EDDE00FB0E63 /* Release */ = {
			isa = XCBuildConfiguration;
			buildSettings = {
				PRODUCT_NAME = "$(TARGET_NAME)";
			};
			name = Release;
		};
/* End XCBuildConfiguration section */

/* Begin XCConfigurationList section */
		843D90A91EC1EDDD00FB0E63 /* Build configuration list for PBXProject "01_c" */ = {
			isa = XCConfigurationList;
			buildConfigurations = (
				843D90B31EC1EDDE00FB0E63 /* Debug */,
				843D90B41EC1EDDE00FB0E63 /* Release */,
			);
			defaultConfigurationIsVisible = 0;
			defaultConfigurationName = Release;
		};
		843D90B51EC1EDDE00FB0E63 /* Build configuration list for PBXNativeTarget "01_c" */ = {
			isa = XCConfigurationList;
			buildConfigurations = (
				843D90B61EC1EDDE00FB0E63 /* Debug */,
				843D90B71EC1EDDE00FB0E63 /* Release */,
			);
			defaultConfigurationIsVisible = 0;
			defaultConfigurationName = Release;
		};
/* End XCConfigurationList section */
	};
	rootObject = 843D90A61EC1EDDD00FB0E63 /* Project object */;
}
